
Microsoft Visual Studio Solution File, Format Version 12.00
# Visual Studio Version 16
VisualStudioVersion = 16.0.29519.87
MinimumVisualStudioVersion = 10.0.40219.1
Project("{9A19103F-16F7-4668-BE54-9A1E7A4F7556}") = "NLogger", "NLogger\NLogger.csproj", "{F4846596-ED50-46B8-A1E1-FDEFC386C0D7}"
EndProject
Project("{9A19103F-16F7-4668-BE54-9A1E7A4F7556}") = "NetListener", "NetListener\NetListener.csproj", "{096DD583-34DC-43BA-8135-7FBB728676D4}"
EndProject
Global
	GlobalSection(SolutionConfigurationPlatforms) = preSolution
		Debug|Any CPU = Debug|Any CPU
		Release|Any CPU = Release|Any CPU
	EndGlobalSection
	GlobalSection(ProjectConfigurationPlatforms) = postSolution
		{F4846596-ED50-46B8-A1E1-FDEFC386C0D7}.Debug|Any CPU.ActiveCfg = Debug|Any CPU
		{F4846596-ED50-46B8-A1E1-FDEFC386C0D7}.Debug|Any CPU.Build.0 = Debug|Any CPU
		{F4846596-ED50-46B8-A1E1-FDEFC386C0D7}.Release|Any CPU.ActiveCfg = Release|Any CPU
		{F4846596-ED50-46B8-A1E1-FDEFC386C0D7}.Release|Any CPU.Build.0 = Release|Any CPU
		{096DD583-34DC-43BA-8135-7FBB728676D4}.Debug|Any CPU.ActiveCfg = Debug|Any CPU
		{096DD583-34DC-43BA-8135-7FBB728676D4}.Debug|Any CPU.Build.0 = Debug|Any CPU
		{096DD583-34DC-43BA-8135-7FBB728676D4}.Release|Any CPU.ActiveCfg = Release|Any CPU
		{096DD583-34DC-43BA-8135-7FBB728676D4}.Release|Any CPU.Build.0 = Release|Any CPU
	EndGlobalSection
	GlobalSection(SolutionProperties) = preSolution
		HideSolutionNode = FALSE
	EndGlobalSection
	GlobalSection(ExtensibilityGlobals) = postSolution
		SolutionGuid = {A06147DE-5390-4BE1-B73C-F77064B675FD}
	EndGlobalSection
EndGlobal
